{
  "name": "test-renovate-alias-conflict",
  "version": "1.0.0",
  "lockfileVersion": 2,
  "requires": true,
  "packages": {
    "": {
      "name": "test-renovate-alias-conflict",
      "version": "1.0.0",
      "license": "UNLICENSED",
      "dependencies": {
        "isarg-2": "npm:lodash.isarguments@^2.0.0",
        "isarg-3": "npm:lodash.isarguments@^3.0.0",
        "lodash.clamp": "^4.0.0"
      }
    },
    "node_modules/isarg-2": {
      "name": "lodash.isarguments",
      "version": "2.4.1",
      "resolved": "https://registry.npmjs.org/lodash.isarguments/-/lodash.isarguments-2.4.1.tgz",
      "integrity": "sha1-STGpwIJTrfCRrnyhkiWKlzh27Mo="
    },
    "node_modules/isarg-3": {
      "name": "lodash.isarguments",
      "version": "3.1.0",
      "resolved": "https://registry.npmjs.org/lodash.isarguments/-/lodash.isarguments-3.1.0.tgz",
      "integrity": "sha1-L1c9hcaiQon/AGY7SRwdM4/zRYo="
    },
    "node_modules/lodash.clamp": {
      "version": "4.0.0",
      "resolved": "https://registry.npmjs.org/lodash.clamp/-/lodash.clamp-4.0.0.tgz",
      "integrity": "sha1-a7Ogjx8XPjCWGx00fZNtTeufva0="
    }
  },
  "dependencies": {
    "isarg-2": {
      "version": "npm:lodash.isarguments@2.4.1",
      "resolved": "https://registry.npmjs.org/lodash.isarguments/-/lodash.isarguments-2.4.1.tgz",
      "integrity": "sha1-STGpwIJTrfCRrnyhkiWKlzh27Mo="
    },
    "isarg-3": {
      "version": "npm:lodash.isarguments@3.1.0",
      "resolved": "https://registry.npmjs.org/lodash.isarguments/-/lodash.isarguments-3.1.0.tgz",
      "integrity": "sha1-L1c9hcaiQon/AGY7SRwdM4/zRYo="
    },
    "lodash.clamp": {
      "version": "4.0.0",
      "resolved": "https://registry.npmjs.org/lodash.clamp/-/lodash.clamp-4.0.0.tgz",
      "integrity": "sha1-a7Ogjx8XPjCWGx00fZNtTeufva0="
    }
  }
}
